
Microsoft Visual Studio Solution File, Format Version 12.00
# Visual Studio Version 17
VisualStudioVersion = 17.4.33122.133
MinimumVisualStudioVersion = 10.0.40219.1
Project("{FAE04EC0-301F-11D3-BF4B-00C04F79EFBC}") = "kurcova-test-1 bot", "kurcova-test-1 bot\kurcova-test-1 bot.csproj", "{FD387F8B-DD36-4311-8ABA-BCA39AB25422}"
EndProject
Global
	GlobalSection(SolutionConfigurationPlatforms) = preSolution
		Debug|Any CPU = Debug|Any CPU
		Release|Any CPU = Release|Any CPU
	EndGlobalSection
	GlobalSection(ProjectConfigurationPlatforms) = postSolution
		{FD387F8B-DD36-4311-8ABA-BCA39AB25422}.Debug|Any CPU.ActiveCfg = Debug|Any CPU
		{FD387F8B-DD36-4311-8ABA-BCA39AB25422}.Debug|Any CPU.Build.0 = Debug|Any CPU
		{FD387F8B-DD36-4311-8ABA-BCA39AB25422}.Release|Any CPU.ActiveCfg = Release|Any CPU
		{FD387F8B-DD36-4311-8ABA-BCA39AB25422}.Release|Any CPU.Build.0 = Release|Any CPU
	EndGlobalSection
	GlobalSection(SolutionProperties) = preSolution
		HideSolutionNode = FALSE
	EndGlobalSection
	GlobalSection(ExtensibilityGlobals) = postSolution
		SolutionGuid = {D0BE4EAC-E48C-42F3-89BC-BE944C7AD47F}
	EndGlobalSection
EndGlobal
